
Microsoft Visual Studio Solution File, Format Version 11.00
# Visual Studio 2010
Project("{8BC9CEB8-8B4A-11D0-8D11-00A0C91BC942}") = "ImageFX", "ImageFX\ImageFX.vcxproj", "{C5AEE6DB-2187-4243-8FC6-D8CA4CA21B6A}"
EndProject
Global
	GlobalSection(SolutionConfigurationPlatforms) = preSolution
		Debug|Win32 = Debug|Win32
		Release|Win32 = Release|Win32
	EndGlobalSection
	GlobalSection(ProjectConfigurationPlatforms) = postSolution
		{C5AEE6DB-2187-4243-8FC6-D8CA4CA21B6A}.Debug|Win32.ActiveCfg = Debug|Win32
		{C5AEE6DB-2187-4243-8FC6-D8CA4CA21B6A}.Debug|Win32.Build.0 = Debug|Win32
		{C5AEE6DB-2187-4243-8FC6-D8CA4CA21B6A}.Release|Win32.ActiveCfg = Release|Win32
		{C5AEE6DB-2187-4243-8FC6-D8CA4CA21B6A}.Release|Win32.Build.0 = Release|Win32
	EndGlobalSection
	GlobalSection(SolutionProperties) = preSolution
		HideSolutionNode = FALSE
	EndGlobalSection
EndGlobal
